
Microsoft Visual Studio Solution File, Format Version 12.00
# Visual Studio Version 16
VisualStudioVersion = 16.0.28803.202
MinimumVisualStudioVersion = 10.0.40219.1
Project("{FAE04EC0-301F-11D3-BF4B-00C04F79EFBC}") = "Core", "Core\Core.csproj", "{60D8574E-0410-4523-B936-22576B6C881A}"
EndProject
Project("{FAE04EC0-301F-11D3-BF4B-00C04F79EFBC}") = "Infrastructure", "Infrastructure\Infrastructure.csproj", "{6EF2ED09-50D7-4F47-A760-0F68617E84A7}"
EndProject
Project("{FAE04EC0-301F-11D3-BF4B-00C04F79EFBC}") = "ApplicationServices", "ApplicationServices\ApplicationServices.csproj", "{DC94A879-E967-493C-AEA7-0F138C774A3A}"
EndProject
Project("{FAE04EC0-301F-11D3-BF4B-00C04F79EFBC}") = "ServiceTest", "ServiceTest\ServiceTest.csproj", "{8C90480A-8907-4265-B46B-871C204B0FC0}"
EndProject
Project("{FAE04EC0-301F-11D3-BF4B-00C04F79EFBC}") = "UI", "UI\UI.csproj", "{F8B7C1F9-F733-4687-9A6D-DF092A893A16}"
EndProject
Global
	GlobalSection(SolutionConfigurationPlatforms) = preSolution
		Debug|Any CPU = Debug|Any CPU
		Release|Any CPU = Release|Any CPU
	EndGlobalSection
	GlobalSection(ProjectConfigurationPlatforms) = postSolution
		{60D8574E-0410-4523-B936-22576B6C881A}.Debug|Any CPU.ActiveCfg = Debug|Any CPU
		{60D8574E-0410-4523-B936-22576B6C881A}.Debug|Any CPU.Build.0 = Debug|Any CPU
		{60D8574E-0410-4523-B936-22576B6C881A}.Release|Any CPU.ActiveCfg = Release|Any CPU
		{60D8574E-0410-4523-B936-22576B6C881A}.Release|Any CPU.Build.0 = Release|Any CPU
		{6EF2ED09-50D7-4F47-A760-0F68617E84A7}.Debug|Any CPU.ActiveCfg = Debug|Any CPU
		{6EF2ED09-50D7-4F47-A760-0F68617E84A7}.Debug|Any CPU.Build.0 = Debug|Any CPU
		{6EF2ED09-50D7-4F47-A760-0F68617E84A7}.Release|Any CPU.ActiveCfg = Release|Any CPU
		{6EF2ED09-50D7-4F47-A760-0F68617E84A7}.Release|Any CPU.Build.0 = Release|Any CPU
		{DC94A879-E967-493C-AEA7-0F138C774A3A}.Debug|Any CPU.ActiveCfg = Debug|Any CPU
		{DC94A879-E967-493C-AEA7-0F138C774A3A}.Debug|Any CPU.Build.0 = Debug|Any CPU
		{DC94A879-E967-493C-AEA7-0F138C774A3A}.Release|Any CPU.ActiveCfg = Release|Any CPU
		{DC94A879-E967-493C-AEA7-0F138C774A3A}.Release|Any CPU.Build.0 = Release|Any CPU
		{8C90480A-8907-4265-B46B-871C204B0FC0}.Debug|Any CPU.ActiveCfg = Debug|Any CPU
		{8C90480A-8907-4265-B46B-871C204B0FC0}.Debug|Any CPU.Build.0 = Debug|Any CPU
		{8C90480A-8907-4265-B46B-871C204B0FC0}.Release|Any CPU.ActiveCfg = Release|Any CPU
		{8C90480A-8907-4265-B46B-871C204B0FC0}.Release|Any CPU.Build.0 = Release|Any CPU
		{F8B7C1F9-F733-4687-9A6D-DF092A893A16}.Debug|Any CPU.ActiveCfg = Debug|Any CPU
		{F8B7C1F9-F733-4687-9A6D-DF092A893A16}.Debug|Any CPU.Build.0 = Debug|Any CPU
		{F8B7C1F9-F733-4687-9A6D-DF092A893A16}.Release|Any CPU.ActiveCfg = Release|Any CPU
		{F8B7C1F9-F733-4687-9A6D-DF092A893A16}.Release|Any CPU.Build.0 = Release|Any CPU
	EndGlobalSection
	GlobalSection(SolutionProperties) = preSolution
		HideSolutionNode = FALSE
	EndGlobalSection
	GlobalSection(ExtensibilityGlobals) = postSolution
		SolutionGuid = {7981BB18-790B-4805-B34F-696915AA6374}
	EndGlobalSection
EndGlobal
